
Microsoft Visual Studio Solution File, Format Version 12.00
# Visual Studio Version 16
VisualStudioVersion = 16.0.29102.190
MinimumVisualStudioVersion = 10.0.40219.1
Project("{FAE04EC0-301F-11D3-BF4B-00C04F79EFBC}") = "ScienceFixer", "ScienceFixer.csproj", "{7BF7C142-24B1-40C6-A3D7-1F35FE568394}"
EndProject
Global
	GlobalSection(SolutionConfigurationPlatforms) = preSolution
		Debug|Any CPU = Debug|Any CPU
		Release|Any CPU = Release|Any CPU
	EndGlobalSection
	GlobalSection(ProjectConfigurationPlatforms) = postSolution
		{7BF7C142-24B1-40C6-A3D7-1F35FE568394}.Debug|Any CPU.ActiveCfg = Debug|Any CPU
		{7BF7C142-24B1-40C6-A3D7-1F35FE568394}.Debug|Any CPU.Build.0 = Debug|Any CPU
		{7BF7C142-24B1-40C6-A3D7-1F35FE568394}.Release|Any CPU.ActiveCfg = Release|Any CPU
		{7BF7C142-24B1-40C6-A3D7-1F35FE568394}.Release|Any CPU.Build.0 = Release|Any CPU
	EndGlobalSection
	GlobalSection(SolutionProperties) = preSolution
		HideSolutionNode = FALSE
	EndGlobalSection
	GlobalSection(ExtensibilityGlobals) = postSolution
		SolutionGuid = {DE3D2D3E-1B07-4CC6-9A56-449E1D4C68B3}
	EndGlobalSection
EndGlobal
